// !$*UTF8*$!
{
	archiveVersion = 1;
	classes = {
	};
	objectVersion = 46;
	objects = {

/* Begin PBXBuildFile section */
		F506A4CA183B9CB3006CE9FD /* search_selected.png in Resources */ = {isa = PBXBuildFile; fileRef = F506A4C6183B9CB3006CE9FD /* search_selected.png */; };
		F506A4CB183B9CB3006CE9FD /* search_unselected.png in Resources */ = {isa = PBXBuildFile; fileRef = F506A4C7183B9CB3006CE9FD /* search_unselected.png */; };
		F506A4CC183B9CB3006CE9FD /* home_selected.png in Resources */ = {isa = PBXBuildFile; fileRef = F506A4C8183B9CB3006CE9FD /* home_selected.png */; };
		F506A4CD183B9CB3006CE9FD /* home_unselected.png in Resources */ = {isa = PBXBuildFile; fileRef = F506A4C9183B9CB3006CE9FD /* home_unselected.png */; };
		F508B5E9184E0BEB00946C41 /* JobDetailViewController.m in Sources */ = {isa = PBXBuildFile; fileRef = F508B5E7184E0BEB00946C41 /* JobDetailViewController.m */; };
		F508B5EA184E0BEB00946C41 /* JobDetailViewController.xib in Resources */ = {isa = PBXBuildFile; fileRef = F508B5E8184E0BEB00946C41 /* JobDetailViewController.xib */; };
		F51B711C185732D00075FCD5 /* Job.m in Sources */ = {isa = PBXBuildFile; fileRef = F51B711B185732D00075FCD5 /* Job.m */; };
		F51B71201857330C0075FCD5 /* SavedJobViewController.m in Sources */ = {isa = PBXBuildFile; fileRef = F51B711E1857330C0075FCD5 /* SavedJobViewController.m */; };
		F51B71211857330C0075FCD5 /* SavedJobViewController.xib in Resources */ = {isa = PBXBuildFile; fileRef = F51B711F1857330C0075FCD5 /* SavedJobViewController.xib */; };
		F51B7124185738200075FCD5 /* shortlist_unselected.png in Resources */ = {isa = PBXBuildFile; fileRef = F51B7122185738200075FCD5 /* shortlist_unselected.png */; };
		F51B7125185738200075FCD5 /* shortlist_selected.png in Resources */ = {isa = PBXBuildFile; fileRef = F51B7123185738200075FCD5 /* shortlist_selected.png */; };
		F52012311851F866004F34AD /* iFindAJob.xcdatamodeld in Sources */ = {isa = PBXBuildFile; fileRef = F520122F1851F866004F34AD /* iFindAJob.xcdatamodeld */; };
		F52012341851F924004F34AD /* Location.m in Sources */ = {isa = PBXBuildFile; fileRef = F52012331851F924004F34AD /* Location.m */; };
		F556628B183A5E1A008FAA06 /* UIKit.framework in Frameworks */ = {isa = PBXBuildFile; fileRef = F556628A183A5E1A008FAA06 /* UIKit.framework */; };
		F556628D183A5E1A008FAA06 /* Foundation.framework in Frameworks */ = {isa = PBXBuildFile; fileRef = F556628C183A5E1A008FAA06 /* Foundation.framework */; };
		F556628F183A5E1A008FAA06 /* CoreGraphics.framework in Frameworks */ = {isa = PBXBuildFile; fileRef = F556628E183A5E1A008FAA06 /* CoreGraphics.framework */; };
		F5566295183A5E1A008FAA06 /* InfoPlist.strings in Resources */ = {isa = PBXBuildFile; fileRef = F5566293183A5E1A008FAA06 /* InfoPlist.strings */; };
		F5566297183A5E1A008FAA06 /* main.m in Sources */ = {isa = PBXBuildFile; fileRef = F5566296183A5E1A008FAA06 /* main.m */; };
		F556629B183A5E1A008FAA06 /* AppDelegate.m in Sources */ = {isa = PBXBuildFile; fileRef = F556629A183A5E1A008FAA06 /* AppDelegate.m */; };
		F556629D183A5E1A008FAA06 /* Default.png in Resources */ = {isa = PBXBuildFile; fileRef = F556629C183A5E1A008FAA06 /* Default.png */; };
		F556629F183A5E1A008FAA06 /* Default@2x.png in Resources */ = {isa = PBXBuildFile; fileRef = F556629E183A5E1A008FAA06 /* Default@2x.png */; };
		F55662A1183A5E1A008FAA06 /* Default-568h@2x.png in Resources */ = {isa = PBXBuildFile; fileRef = F55662A0183A5E1A008FAA06 /* Default-568h@2x.png */; };
		F55662A8183A5E6D008FAA06 /* CoreData.framework in Frameworks */ = {isa = PBXBuildFile; fileRef = F55662A7183A5E6D008FAA06 /* CoreData.framework */; };
		F55662AA183A5E75008FAA06 /* Social.framework in Frameworks */ = {isa = PBXBuildFile; fileRef = F55662A9183A5E75008FAA06 /* Social.framework */; };
		F55662AF183A5EDD008FAA06 /* MainViewController.m in Sources */ = {isa = PBXBuildFile; fileRef = F55662AD183A5EDD008FAA06 /* MainViewController.m */; };
		F55662B0183A5EDD008FAA06 /* MainViewController.xib in Resources */ = {isa = PBXBuildFile; fileRef = F55662AE183A5EDD008FAA06 /* MainViewController.xib */; };
		F55662B4183A5EFA008FAA06 /* SearchViewController.m in Sources */ = {isa = PBXBuildFile; fileRef = F55662B2183A5EFA008FAA06 /* SearchViewController.m */; };
		F55662B5183A5EFA008FAA06 /* SearchViewController.xib in Resources */ = {isa = PBXBuildFile; fileRef = F55662B3183A5EFA008FAA06 /* SearchViewController.xib */; };
		F55662BE183A5F33008FAA06 /* ExtraMethods.m in Sources */ = {isa = PBXBuildFile; fileRef = F55662BD183A5F33008FAA06 /* ExtraMethods.m */; };
		F58613FA185773630072D956 /* MapDownloadService.m in Sources */ = {isa = PBXBuildFile; fileRef = F58613F9185773630072D956 /* MapDownloadService.m */; };
		F58613FC18578DB50072D956 /* mapplaceholder.png in Resources */ = {isa = PBXBuildFile; fileRef = F58613FB18578DB50072D956 /* mapplaceholder.png */; };
		F58F6A32183CCB3D002F6678 /* LocationSearchService.m in Sources */ = {isa = PBXBuildFile; fileRef = F58F6A31183CCB3D002F6678 /* LocationSearchService.m */; };
		F593D39B184CD8A600668841 /* JobListingViewController.m in Sources */ = {isa = PBXBuildFile; fileRef = F593D399184CD8A600668841 /* JobListingViewController.m */; };
		F593D39C184CD8A600668841 /* JobListingViewController.xib in Resources */ = {isa = PBXBuildFile; fileRef = F593D39A184CD8A600668841 /* JobListingViewController.xib */; };
		F59A5C71184F75BD00638DD8 /* search_anim_4.png in Resources */ = {isa = PBXBuildFile; fileRef = F59A5C6D184F75BD00638DD8 /* search_anim_4.png */; };
		F59A5C72184F75BD00638DD8 /* search_anim_3.png in Resources */ = {isa = PBXBuildFile; fileRef = F59A5C6E184F75BD00638DD8 /* search_anim_3.png */; };
		F59A5C73184F75BD00638DD8 /* search_anim_2.png in Resources */ = {isa = PBXBuildFile; fileRef = F59A5C6F184F75BD00638DD8 /* search_anim_2.png */; };
		F59A5C74184F75BD00638DD8 /* search_anim_1.png in Resources */ = {isa = PBXBuildFile; fileRef = F59A5C70184F75BD00638DD8 /* search_anim_1.png */; };
		F5B40996184CFC8300A5F0B3 /* JobSearchService.m in Sources */ = {isa = PBXBuildFile; fileRef = F5B40995184CFC8300A5F0B3 /* JobSearchService.m */; };
		F5D14322184E3DD600E9AD09 /* iconregular.png in Resources */ = {isa = PBXBuildFile; fileRef = F5D1431F184E34D500E9AD09 /* iconregular.png */; };
		F5D14323184E3DDC00E9AD09 /* iconretina.png in Resources */ = {isa = PBXBuildFile; fileRef = F5D1431D184E34D200E9AD09 /* iconretina.png */; };
		F5D14324184E3DE000E9AD09 /* Default.png in Resources */ = {isa = PBXBuildFile; fileRef = F5D14317184E31DE00E9AD09 /* Default.png */; };
		F5D14325184E3DE400E9AD09 /* Default@2x.png in Resources */ = {isa = PBXBuildFile; fileRef = F5D14319184E326200E9AD09 /* Default@2x.png */; };
		F5D14326184E3DE600E9AD09 /* Default-568h@2x.png in Resources */ = {isa = PBXBuildFile; fileRef = F5D1431B184E326400E9AD09 /* Default-568h@2x.png */; };
/* End PBXBuildFile section */

/* Begin PBXFileReference section */
		F506A4C6183B9CB3006CE9FD /* search_selected.png */ = {isa = PBXFileReference; lastKnownFileType = image.png; path = search_selected.png; sourceTree = "<group>"; };
		F506A4C7183B9CB3006CE9FD /* search_unselected.png */ = {isa = PBXFileReference; lastKnownFileType = image.png; path = search_unselected.png; sourceTree = "<group>"; };
		F506A4C8183B9CB3006CE9FD /* home_selected.png */ = {isa = PBXFileReference; lastKnownFileType = image.png; path = home_selected.png; sourceTree = "<group>"; };
		F506A4C9183B9CB3006CE9FD /* home_unselected.png */ = {isa = PBXFileReference; lastKnownFileType = image.png; path = home_unselected.png; sourceTree = "<group>"; };
		F508B5E6184E0BEB00946C41 /* JobDetailViewController.h */ = {isa = PBXFileReference; fileEncoding = 4; lastKnownFileType = sourcecode.c.h; path = JobDetailViewController.h; sourceTree = "<group>"; };
		F508B5E7184E0BEB00946C41 /* JobDetailViewController.m */ = {isa = PBXFileReference; fileEncoding = 4; lastKnownFileType = sourcecode.c.objc; path = JobDetailViewController.m; sourceTree = "<group>"; };
		F508B5E8184E0BEB00946C41 /* JobDetailViewController.xib */ = {isa = PBXFileReference; fileEncoding = 4; lastKnownFileType = file.xib; path = JobDetailViewController.xib; sourceTree = "<group>"; };
		F51B711A185732D00075FCD5 /* Job.h */ = {isa = PBXFileReference; fileEncoding = 4; lastKnownFileType = sourcecode.c.h; path = Job.h; sourceTree = "<group>"; };
		F51B711B185732D00075FCD5 /* Job.m */ = {isa = PBXFileReference; fileEncoding = 4; lastKnownFileType = sourcecode.c.objc; path = Job.m; sourceTree = "<group>"; };
		F51B711D1857330C0075FCD5 /* SavedJobViewController.h */ = {isa = PBXFileReference; fileEncoding = 4; lastKnownFileType = sourcecode.c.h; path = SavedJobViewController.h; sourceTree = "<group>"; };
		F51B711E1857330C0075FCD5 /* SavedJobViewController.m */ = {isa = PBXFileReference; fileEncoding = 4; lastKnownFileType = sourcecode.c.objc; path = SavedJobViewController.m; sourceTree = "<group>"; };
		F51B711F1857330C0075FCD5 /* SavedJobViewController.xib */ = {isa = PBXFileReference; fileEncoding = 4; lastKnownFileType = file.xib; path = SavedJobViewController.xib; sourceTree = "<group>"; };
		F51B7122185738200075FCD5 /* shortlist_unselected.png */ = {isa = PBXFileReference; lastKnownFileType = image.png; path = shortlist_unselected.png; sourceTree = "<group>"; };
		F51B7123185738200075FCD5 /* shortlist_selected.png */ = {isa = PBXFileReference; lastKnownFileType = image.png; path = shortlist_selected.png; sourceTree = "<group>"; };
		F52012301851F866004F34AD /* iFindAJob.xcdatamodel */ = {isa = PBXFileReference; lastKnownFileType = wrapper.xcdatamodel; path = iFindAJob.xcdatamodel; sourceTree = "<group>"; };
		F52012321851F924004F34AD /* Location.h */ = {isa = PBXFileReference; fileEncoding = 4; lastKnownFileType = sourcecode.c.h; path = Location.h; sourceTree = "<group>"; };
		F52012331851F924004F34AD /* Location.m */ = {isa = PBXFileReference; fileEncoding = 4; lastKnownFileType = sourcecode.c.objc; path = Location.m; sourceTree = "<group>"; };
		F5566287183A5E1A008FAA06 /* iFindAJob.app */ = {isa = PBXFileReference; explicitFileType = wrapper.application; includeInIndex = 0; path = iFindAJob.app; sourceTree = BUILT_PRODUCTS_DIR; };
		F556628A183A5E1A008FAA06 /* UIKit.framework */ = {isa = PBXFileReference; lastKnownFileType = wrapper.framework; name = UIKit.framework; path = System/Library/Frameworks/UIKit.framework; sourceTree = SDKROOT; };
		F556628C183A5E1A008FAA06 /* Foundation.framework */ = {isa = PBXFileReference; lastKnownFileType = wrapper.framework; name = Foundation.framework; path = System/Library/Frameworks/Foundation.framework; sourceTree = SDKROOT; };
		F556628E183A5E1A008FAA06 /* CoreGraphics.framework */ = {isa = PBXFileReference; lastKnownFileType = wrapper.framework; name = CoreGraphics.framework; path = System/Library/Frameworks/CoreGraphics.framework; sourceTree = SDKROOT; };
		F5566292183A5E1A008FAA06 /* iFindAJob-Info.plist */ = {isa = PBXFileReference; lastKnownFileType = text.plist.xml; path = "iFindAJob-Info.plist"; sourceTree = "<group>"; };
		F5566294183A5E1A008FAA06 /* en */ = {isa = PBXFileReference; lastKnownFileType = text.plist.strings; name = en; path = en.lproj/InfoPlist.strings; sourceTree = "<group>"; };
		F5566296183A5E1A008FAA06 /* main.m */ = {isa = PBXFileReference; lastKnownFileType = sourcecode.c.objc; path = main.m; sourceTree = "<group>"; };
		F5566298183A5E1A008FAA06 /* iFindAJob-Prefix.pch */ = {isa = PBXFileReference; lastKnownFileType = sourcecode.c.h; path = "iFindAJob-Prefix.pch"; sourceTree = "<group>"; };
		F5566299183A5E1A008FAA06 /* AppDelegate.h */ = {isa = PBXFileReference; lastKnownFileType = sourcecode.c.h; path = AppDelegate.h; sourceTree = "<group>"; };
		F556629A183A5E1A008FAA06 /* AppDelegate.m */ = {isa = PBXFileReference; lastKnownFileType = sourcecode.c.objc; path = AppDelegate.m; sourceTree = "<group>"; };
		F556629C183A5E1A008FAA06 /* Default.png */ = {isa = PBXFileReference; lastKnownFileType = image.png; path = Default.png; sourceTree = "<group>"; };
		F556629E183A5E1A008FAA06 /* Default@2x.png */ = {isa = PBXFileReference; lastKnownFileType = image.png; path = "Default@2x.png"; sourceTree = "<group>"; };
		F55662A0183A5E1A008FAA06 /* Default-568h@2x.png */ = {isa = PBXFileReference; lastKnownFileType = image.png; path = "Default-568h@2x.png"; sourceTree = "<group>"; };
		F55662A7183A5E6D008FAA06 /* CoreData.framework */ = {isa = PBXFileReference; lastKnownFileType = wrapper.framework; name = CoreData.framework; path = System/Library/Frameworks/CoreData.framework; sourceTree = SDKROOT; };
		F55662A9183A5E75008FAA06 /* Social.framework */ = {isa = PBXFileReference; lastKnownFileType = wrapper.framework; name = Social.framework; path = System/Library/Frameworks/Social.framework; sourceTree = SDKROOT; };
		F55662AC183A5EDD008FAA06 /* MainViewController.h */ = {isa = PBXFileReference; fileEncoding = 4; lastKnownFileType = sourcecode.c.h; path = MainViewController.h; sourceTree = "<group>"; };
		F55662AD183A5EDD008FAA06 /* MainViewController.m */ = {isa = PBXFileReference; fileEncoding = 4; lastKnownFileType = sourcecode.c.objc; path = MainViewController.m; sourceTree = "<group>"; };
		F55662AE183A5EDD008FAA06 /* MainViewController.xib */ = {isa = PBXFileReference; fileEncoding = 4; lastKnownFileType = file.xib; path = MainViewController.xib; sourceTree = "<group>"; };
		F55662B1183A5EFA008FAA06 /* SearchViewController.h */ = {isa = PBXFileReference; fileEncoding = 4; lastKnownFileType = sourcecode.c.h; path = SearchViewController.h; sourceTree = "<group>"; };
		F55662B2183A5EFA008FAA06 /* SearchViewController.m */ = {isa = PBXFileReference; fileEncoding = 4; lastKnownFileType = sourcecode.c.objc; path = SearchViewController.m; sourceTree = "<group>"; xcLanguageSpecificationIdentifier = xcode.lang.objc; };
		F55662B3183A5EFA008FAA06 /* SearchViewController.xib */ = {isa = PBXFileReference; fileEncoding = 4; lastKnownFileType = file.xib; path = SearchViewController.xib; sourceTree = "<group>"; };
		F55662BC183A5F33008FAA06 /* ExtraMethods.h */ = {isa = PBXFileReference; fileEncoding = 4; lastKnownFileType = sourcecode.c.h; path = ExtraMethods.h; sourceTree = "<group>"; };
		F55662BD183A5F33008FAA06 /* ExtraMethods.m */ = {isa = PBXFileReference; fileEncoding = 4; lastKnownFileType = sourcecode.c.objc; path = ExtraMethods.m; sourceTree = "<group>"; };
		F58613F8185773630072D956 /* MapDownloadService.h */ = {isa = PBXFileReference; fileEncoding = 4; lastKnownFileType = sourcecode.c.h; path = MapDownloadService.h; sourceTree = "<group>"; };
		F58613F9185773630072D956 /* MapDownloadService.m */ = {isa = PBXFileReference; fileEncoding = 4; lastKnownFileType = sourcecode.c.objc; path = MapDownloadService.m; sourceTree = "<group>"; };
		F58613FB18578DB50072D956 /* mapplaceholder.png */ = {isa = PBXFileReference; lastKnownFileType = image.png; name = mapplaceholder.png; path = ../../mapplaceholder.png; sourceTree = "<group>"; };
		F58F6A2D183CCAB9002F6678 /* ServiceDelegate.h */ = {isa = PBXFileReference; fileEncoding = 4; lastKnownFileType = sourcecode.c.h; path = ServiceDelegate.h; sourceTree = "<group>"; };
		F58F6A30183CCB3D002F6678 /* LocationSearchService.h */ = {isa = PBXFileReference; fileEncoding = 4; lastKnownFileType = sourcecode.c.h; path = LocationSearchService.h; sourceTree = "<group>"; };
		F58F6A31183CCB3D002F6678 /* LocationSearchService.m */ = {isa = PBXFileReference; fileEncoding = 4; lastKnownFileType = sourcecode.c.objc; path = LocationSearchService.m; sourceTree = "<group>"; };
		F593D398184CD8A600668841 /* JobListingViewController.h */ = {isa = PBXFileReference; fileEncoding = 4; lastKnownFileType = sourcecode.c.h; path = JobListingViewController.h; sourceTree = "<group>"; };
		F593D399184CD8A600668841 /* JobListingViewController.m */ = {isa = PBXFileReference; fileEncoding = 4; lastKnownFileType = sourcecode.c.objc; path = JobListingViewController.m; sourceTree = "<group>"; };
		F593D39A184CD8A600668841 /* JobListingViewController.xib */ = {isa = PBXFileReference; fileEncoding = 4; lastKnownFileType = file.xib; path = JobListingViewController.xib; sourceTree = "<group>"; };
		F59A5C6D184F75BD00638DD8 /* search_anim_4.png */ = {isa = PBXFileReference; lastKnownFileType = image.png; path = search_anim_4.png; sourceTree = "<group>"; };
		F59A5C6E184F75BD00638DD8 /* search_anim_3.png */ = {isa = PBXFileReference; lastKnownFileType = image.png; path = search_anim_3.png; sourceTree = "<group>"; };
		F59A5C6F184F75BD00638DD8 /* search_anim_2.png */ = {isa = PBXFileReference; lastKnownFileType = image.png; path = search_anim_2.png; sourceTree = "<group>"; };
		F59A5C70184F75BD00638DD8 /* search_anim_1.png */ = {isa = PBXFileReference; lastKnownFileType = image.png; path = search_anim_1.png; sourceTree = "<group>"; };
		F5B40994184CFC8300A5F0B3 /* JobSearchService.h */ = {isa = PBXFileReference; fileEncoding = 4; lastKnownFileType = sourcecode.c.h; path = JobSearchService.h; sourceTree = "<group>"; };
		F5B40995184CFC8300A5F0B3 /* JobSearchService.m */ = {isa = PBXFileReference; fileEncoding = 4; lastKnownFileType = sourcecode.c.objc; path = JobSearchService.m; sourceTree = "<group>"; };
		F5D14317184E31DE00E9AD09 /* Default.png */ = {isa = PBXFileReference; lastKnownFileType = image.png; name = Default.png; path = ../Default.png; sourceTree = "<group>"; };
		F5D14319184E326200E9AD09 /* Default@2x.png */ = {isa = PBXFileReference; lastKnownFileType = image.png; name = "Default@2x.png"; path = "../Default@2x.png"; sourceTree = "<group>"; };
		F5D1431B184E326400E9AD09 /* Default-568h@2x.png */ = {isa = PBXFileReference; lastKnownFileType = image.png; name = "Default-568h@2x.png"; path = "../Default-568h@2x.png"; sourceTree = "<group>"; };
		F5D1431D184E34D200E9AD09 /* iconretina.png */ = {isa = PBXFileReference; lastKnownFileType = image.png; name = iconretina.png; path = ../iconretina.png; sourceTree = "<group>"; };
		F5D1431F184E34D500E9AD09 /* iconregular.png */ = {isa = PBXFileReference; lastKnownFileType = image.png; name = iconregular.png; path = ../iconregular.png; sourceTree = "<group>"; };
/* End PBXFileReference section */

/* Begin PBXFrameworksBuildPhase section */
		F5566284183A5E1A008FAA06 /* Frameworks */ = {
			isa = PBXFrameworksBuildPhase;
			buildActionMask = 2147483647;
			files = (
				F55662AA183A5E75008FAA06 /* Social.framework in Frameworks */,
				F55662A8183A5E6D008FAA06 /* CoreData.framework in Frameworks */,
				F556628B183A5E1A008FAA06 /* UIKit.framework in Frameworks */,
				F556628D183A5E1A008FAA06 /* Foundation.framework in Frameworks */,
				F556628F183A5E1A008FAA06 /* CoreGraphics.framework in Frameworks */,
			);
			runOnlyForDeploymentPostprocessing = 0;
		};
/* End PBXFrameworksBuildPhase section */

/* Begin PBXGroup section */
		F506A4C1183B94FA006CE9FD /* Images */ = {
			isa = PBXGroup;
			children = (
				F58613FB18578DB50072D956 /* mapplaceholder.png */,
				F51B7122185738200075FCD5 /* shortlist_unselected.png */,
				F51B7123185738200075FCD5 /* shortlist_selected.png */,
				F59A5C6D184F75BD00638DD8 /* search_anim_4.png */,
				F59A5C6E184F75BD00638DD8 /* search_anim_3.png */,
				F59A5C6F184F75BD00638DD8 /* search_anim_2.png */,
				F59A5C70184F75BD00638DD8 /* search_anim_1.png */,
				F5D1431F184E34D500E9AD09 /* iconregular.png */,
				F5D1431D184E34D200E9AD09 /* iconretina.png */,
				F5D1431B184E326400E9AD09 /* Default-568h@2x.png */,
				F5D14319184E326200E9AD09 /* Default@2x.png */,
				F5D14317184E31DE00E9AD09 /* Default.png */,
				F506A4C6183B9CB3006CE9FD /* search_selected.png */,
				F506A4C7183B9CB3006CE9FD /* search_unselected.png */,
				F506A4C8183B9CB3006CE9FD /* home_selected.png */,
				F506A4C9183B9CB3006CE9FD /* home_unselected.png */,
			);
			name = Images;
			sourceTree = "<group>";
		};
		F556627E183A5E1A008FAA06 = {
			isa = PBXGroup;
			children = (
				F5566290183A5E1A008FAA06 /* iFindAJob */,
				F5566289183A5E1A008FAA06 /* Frameworks */,
				F5566288183A5E1A008FAA06 /* Products */,
			);
			sourceTree = "<group>";
		};
		F5566288183A5E1A008FAA06 /* Products */ = {
			isa = PBXGroup;
			children = (
				F5566287183A5E1A008FAA06 /* iFindAJob.app */,
			);
			name = Products;
			sourceTree = "<group>";
		};
		F5566289183A5E1A008FAA06 /* Frameworks */ = {
			isa = PBXGroup;
			children = (
				F55662A7183A5E6D008FAA06 /* CoreData.framework */,
				F55662A9183A5E75008FAA06 /* Social.framework */,
				F556628A183A5E1A008FAA06 /* UIKit.framework */,
				F556628C183A5E1A008FAA06 /* Foundation.framework */,
				F556628E183A5E1A008FAA06 /* CoreGraphics.framework */,
			);
			name = Frameworks;
			sourceTree = "<group>";
		};
		F5566290183A5E1A008FAA06 /* iFindAJob */ = {
			isa = PBXGroup;
			children = (
				F55662BF183A7C2B008FAA06 /* Web Services */,
				F55662BB183A5F1E008FAA06 /* Includes */,
				F55662AB183A5E88008FAA06 /* Views */,
				F5566299183A5E1A008FAA06 /* AppDelegate.h */,
				F556629A183A5E1A008FAA06 /* AppDelegate.m */,
				F5566291183A5E1A008FAA06 /* Supporting Files */,
			);
			path = iFindAJob;
			sourceTree = "<group>";
		};
		F5566291183A5E1A008FAA06 /* Supporting Files */ = {
			isa = PBXGroup;
			children = (
				F5566292183A5E1A008FAA06 /* iFindAJob-Info.plist */,
				F5566293183A5E1A008FAA06 /* InfoPlist.strings */,
				F5566296183A5E1A008FAA06 /* main.m */,
				F5566298183A5E1A008FAA06 /* iFindAJob-Prefix.pch */,
				F556629C183A5E1A008FAA06 /* Default.png */,
				F556629E183A5E1A008FAA06 /* Default@2x.png */,
				F55662A0183A5E1A008FAA06 /* Default-568h@2x.png */,
			);
			name = "Supporting Files";
			sourceTree = "<group>";
		};
		F55662AB183A5E88008FAA06 /* Views */ = {
			isa = PBXGroup;
			children = (
				F55662AC183A5EDD008FAA06 /* MainViewController.h */,
				F55662AD183A5EDD008FAA06 /* MainViewController.m */,
				F55662AE183A5EDD008FAA06 /* MainViewController.xib */,
				F55662B1183A5EFA008FAA06 /* SearchViewController.h */,
				F55662B2183A5EFA008FAA06 /* SearchViewController.m */,
				F55662B3183A5EFA008FAA06 /* SearchViewController.xib */,
				F593D398184CD8A600668841 /* JobListingViewController.h */,
				F593D399184CD8A600668841 /* JobListingViewController.m */,
				F593D39A184CD8A600668841 /* JobListingViewController.xib */,
				F508B5E6184E0BEB00946C41 /* JobDetailViewController.h */,
				F508B5E7184E0BEB00946C41 /* JobDetailViewController.m */,
				F508B5E8184E0BEB00946C41 /* JobDetailViewController.xib */,
				F51B711D1857330C0075FCD5 /* SavedJobViewController.h */,
				F51B711E1857330C0075FCD5 /* SavedJobViewController.m */,
				F51B711F1857330C0075FCD5 /* SavedJobViewController.xib */,
			);
			name = Views;
			sourceTree = "<group>";
		};
		F55662BB183A5F1E008FAA06 /* Includes */ = {
			isa = PBXGroup;
			children = (
				F506A4C1183B94FA006CE9FD /* Images */,
				F55662BC183A5F33008FAA06 /* ExtraMethods.h */,
				F55662BD183A5F33008FAA06 /* ExtraMethods.m */,
				F520122F1851F866004F34AD /* iFindAJob.xcdatamodeld */,
				F52012321851F924004F34AD /* Location.h */,
				F52012331851F924004F34AD /* Location.m */,
				F51B711A185732D00075FCD5 /* Job.h */,
				F51B711B185732D00075FCD5 /* Job.m */,
			);
			name = Includes;
			sourceTree = "<group>";
		};
		F55662BF183A7C2B008FAA06 /* Web Services */ = {
			isa = PBXGroup;
			children = (
				F58F6A2D183CCAB9002F6678 /* ServiceDelegate.h */,
				F58F6A30183CCB3D002F6678 /* LocationSearchService.h */,
				F58F6A31183CCB3D002F6678 /* LocationSearchService.m */,
				F5B40994184CFC8300A5F0B3 /* JobSearchService.h */,
				F5B40995184CFC8300A5F0B3 /* JobSearchService.m */,
				F58613F8185773630072D956 /* MapDownloadService.h */,
				F58613F9185773630072D956 /* MapDownloadService.m */,
			);
			name = "Web Services";
			sourceTree = "<group>";
		};
/* End PBXGroup section */

/* Begin PBXNativeTarget section */
		F5566286183A5E1A008FAA06 /* iFindAJob */ = {
			isa = PBXNativeTarget;
			buildConfigurationList = F55662A4183A5E1A008FAA06 /* Build configuration list for PBXNativeTarget "iFindAJob" */;
			buildPhases = (
				F5566283183A5E1A008FAA06 /* Sources */,
				F5566284183A5E1A008FAA06 /* Frameworks */,
				F5566285183A5E1A008FAA06 /* Resources */,
			);
			buildRules = (
			);
			dependencies = (
			);
			name = iFindAJob;
			productName = iFindAJob;
			productReference = F5566287183A5E1A008FAA06 /* iFindAJob.app */;
			productType = "com.apple.product-type.application";
		};
/* End PBXNativeTarget section */

/* Begin PBXProject section */
		F556627F183A5E1A008FAA06 /* Project object */ = {
			isa = PBXProject;
			attributes = {
				LastUpgradeCheck = 0460;
				ORGANIZATIONNAME = "Jordan Hancock";
			};
			buildConfigurationList = F5566282183A5E1A008FAA06 /* Build configuration list for PBXProject "iFindAJob" */;
			compatibilityVersion = "Xcode 3.2";
			developmentRegion = English;
			hasScannedForEncodings = 0;
			knownRegions = (
				en,
			);
			mainGroup = F556627E183A5E1A008FAA06;
			productRefGroup = F5566288183A5E1A008FAA06 /* Products */;
			projectDirPath = "";
			projectRoot = "";
			targets = (
				F5566286183A5E1A008FAA06 /* iFindAJob */,
			);
		};
/* End PBXProject section */

/* Begin PBXResourcesBuildPhase section */
		F5566285183A5E1A008FAA06 /* Resources */ = {
			isa = PBXResourcesBuildPhase;
			buildActionMask = 2147483647;
			files = (
				F5566295183A5E1A008FAA06 /* InfoPlist.strings in Resources */,
				F556629D183A5E1A008FAA06 /* Default.png in Resources */,
				F556629F183A5E1A008FAA06 /* Default@2x.png in Resources */,
				F55662A1183A5E1A008FAA06 /* Default-568h@2x.png in Resources */,
				F55662B0183A5EDD008FAA06 /* MainViewController.xib in Resources */,
				F55662B5183A5EFA008FAA06 /* SearchViewController.xib in Resources */,
				F506A4CA183B9CB3006CE9FD /* search_selected.png in Resources */,
				F506A4CB183B9CB3006CE9FD /* search_unselected.png in Resources */,
				F506A4CC183B9CB3006CE9FD /* home_selected.png in Resources */,
				F506A4CD183B9CB3006CE9FD /* home_unselected.png in Resources */,
				F593D39C184CD8A600668841 /* JobListingViewController.xib in Resources */,
				F508B5EA184E0BEB00946C41 /* JobDetailViewController.xib in Resources */,
				F5D14322184E3DD600E9AD09 /* iconregular.png in Resources */,
				F5D14323184E3DDC00E9AD09 /* iconretina.png in Resources */,
				F5D14324184E3DE000E9AD09 /* Default.png in Resources */,
				F5D14325184E3DE400E9AD09 /* Default@2x.png in Resources */,
				F5D14326184E3DE600E9AD09 /* Default-568h@2x.png in Resources */,
				F59A5C71184F75BD00638DD8 /* search_anim_4.png in Resources */,
				F59A5C72184F75BD00638DD8 /* search_anim_3.png in Resources */,
				F59A5C73184F75BD00638DD8 /* search_anim_2.png in Resources */,
				F59A5C74184F75BD00638DD8 /* search_anim_1.png in Resources */,
				F51B71211857330C0075FCD5 /* SavedJobViewController.xib in Resources */,
				F51B7124185738200075FCD5 /* shortlist_unselected.png in Resources */,
				F51B7125185738200075FCD5 /* shortlist_selected.png in Resources */,
				F58613FC18578DB50072D956 /* mapplaceholder.png in Resources */,
			);
			runOnlyForDeploymentPostprocessing = 0;
		};
/* End PBXResourcesBuildPhase section */

/* Begin PBXSourcesBuildPhase section */
		F5566283183A5E1A008FAA06 /* Sources */ = {
			isa = PBXSourcesBuildPhase;
			buildActionMask = 2147483647;
			files = (
				F5566297183A5E1A008FAA06 /* main.m in Sources */,
				F556629B183A5E1A008FAA06 /* AppDelegate.m in Sources */,
				F55662AF183A5EDD008FAA06 /* MainViewController.m in Sources */,
				F55662B4183A5EFA008FAA06 /* SearchViewController.m in Sources */,
				F55662BE183A5F33008FAA06 /* ExtraMethods.m in Sources */,
				F58F6A32183CCB3D002F6678 /* LocationSearchService.m in Sources */,
				F593D39B184CD8A600668841 /* JobListingViewController.m in Sources */,
				F5B40996184CFC8300A5F0B3 /* JobSearchService.m in Sources */,
				F508B5E9184E0BEB00946C41 /* JobDetailViewController.m in Sources */,
				F52012311851F866004F34AD /* iFindAJob.xcdatamodeld in Sources */,
				F52012341851F924004F34AD /* Location.m in Sources */,
				F51B711C185732D00075FCD5 /* Job.m in Sources */,
				F51B71201857330C0075FCD5 /* SavedJobViewController.m in Sources */,
				F58613FA185773630072D956 /* MapDownloadService.m in Sources */,
			);
			runOnlyForDeploymentPostprocessing = 0;
		};
/* End PBXSourcesBuildPhase section */

/* Begin PBXVariantGroup section */
		F5566293183A5E1A008FAA06 /* InfoPlist.strings */ = {
			isa = PBXVariantGroup;
			children = (
				F5566294183A5E1A008FAA06 /* en */,
			);
			name = InfoPlist.strings;
			sourceTree = "<group>";
		};
/* End PBXVariantGroup section */

/* Begin XCBuildConfiguration section */
		F55662A2183A5E1A008FAA06 /* Debug */ = {
			isa = XCBuildConfiguration;
			buildSettings = {
				ALWAYS_SEARCH_USER_PATHS = NO;
				CLANG_CXX_LANGUAGE_STANDARD = "gnu++0x";
				CLANG_CXX_LIBRARY = "libc++";
				CLANG_ENABLE_OBJC_ARC = YES;
				CLANG_WARN_CONSTANT_CONVERSION = YES;
				CLANG_WARN_EMPTY_BODY = YES;
				CLANG_WARN_ENUM_CONVERSION = YES;
				CLANG_WARN_INT_CONVERSION = YES;
				CLANG_WARN__DUPLICATE_METHOD_MATCH = YES;
				"CODE_SIGN_IDENTITY[sdk=iphoneos*]" = "iPhone Developer";
				COPY_PHASE_STRIP = NO;
				GCC_C_LANGUAGE_STANDARD = gnu99;
				GCC_DYNAMIC_NO_PIC = NO;
				GCC_OPTIMIZATION_LEVEL = 0;
				GCC_PREPROCESSOR_DEFINITIONS = (
					"DEBUG=1",
					"$(inherited)",
				);
				GCC_SYMBOLS_PRIVATE_EXTERN = NO;
				GCC_WARN_ABOUT_RETURN_TYPE = YES;
				GCC_WARN_UNINITIALIZED_AUTOS = YES;
				GCC_WARN_UNUSED_VARIABLE = YES;
				IPHONEOS_DEPLOYMENT_TARGET = 6.1;
				ONLY_ACTIVE_ARCH = YES;
				SDKROOT = iphoneos;
			};
			name = Debug;
		};
		F55662A3183A5E1A008FAA06 /* Release */ = {
			isa = XCBuildConfiguration;
			buildSettings = {
				ALWAYS_SEARCH_USER_PATHS = NO;
				CLANG_CXX_LANGUAGE_STANDARD = "gnu++0x";
				CLANG_CXX_LIBRARY = "libc++";
				CLANG_ENABLE_OBJC_ARC = YES;
				CLANG_WARN_CONSTANT_CONVERSION = YES;
				CLANG_WARN_EMPTY_BODY = YES;
				CLANG_WARN_ENUM_CONVERSION = YES;
				CLANG_WARN_INT_CONVERSION = YES;
				CLANG_WARN__DUPLICATE_METHOD_MATCH = YES;
				"CODE_SIGN_IDENTITY[sdk=iphoneos*]" = "iPhone Developer";
				COPY_PHASE_STRIP = YES;
				GCC_C_LANGUAGE_STANDARD = gnu99;
				GCC_WARN_ABOUT_RETURN_TYPE = YES;
				GCC_WARN_UNINITIALIZED_AUTOS = YES;
				GCC_WARN_UNUSED_VARIABLE = YES;
				IPHONEOS_DEPLOYMENT_TARGET = 6.1;
				OTHER_CFLAGS = "-DNS_BLOCK_ASSERTIONS=1";
				SDKROOT = iphoneos;
				VALIDATE_PRODUCT = YES;
			};
			name = Release;
		};
		F55662A5183A5E1A008FAA06 /* Debug */ = {
			isa = XCBuildConfiguration;
			buildSettings = {
				GCC_PRECOMPILE_PREFIX_HEADER = YES;
				GCC_PREFIX_HEADER = "iFindAJob/iFindAJob-Prefix.pch";
				INFOPLIST_FILE = "iFindAJob/iFindAJob-Info.plist";
				PRODUCT_NAME = "$(TARGET_NAME)";
				WRAPPER_EXTENSION = app;
			};
			name = Debug;
		};
		F55662A6183A5E1A008FAA06 /* Release */ = {
			isa = XCBuildConfiguration;
			buildSettings = {
				GCC_PRECOMPILE_PREFIX_HEADER = YES;
				GCC_PREFIX_HEADER = "iFindAJob/iFindAJob-Prefix.pch";
				INFOPLIST_FILE = "iFindAJob/iFindAJob-Info.plist";
				PRODUCT_NAME = "$(TARGET_NAME)";
				WRAPPER_EXTENSION = app;
			};
			name = Release;
		};
/* End XCBuildConfiguration section */

/* Begin XCConfigurationList section */
		F5566282183A5E1A008FAA06 /* Build configuration list for PBXProject "iFindAJob" */ = {
			isa = XCConfigurationList;
			buildConfigurations = (
				F55662A2183A5E1A008FAA06 /* Debug */,
				F55662A3183A5E1A008FAA06 /* Release */,
			);
			defaultConfigurationIsVisible = 0;
			defaultConfigurationName = Release;
		};
		F55662A4183A5E1A008FAA06 /* Build configuration list for PBXNativeTarget "iFindAJob" */ = {
			isa = XCConfigurationList;
			buildConfigurations = (
				F55662A5183A5E1A008FAA06 /* Debug */,
				F55662A6183A5E1A008FAA06 /* Release */,
			);
			defaultConfigurationIsVisible = 0;
			defaultConfigurationName = Release;
		};
/* End XCConfigurationList section */

/* Begin XCVersionGroup section */
		F520122F1851F866004F34AD /* iFindAJob.xcdatamodeld */ = {
			isa = XCVersionGroup;
			children = (
				F52012301851F866004F34AD /* iFindAJob.xcdatamodel */,
			);
			currentVersion = F52012301851F866004F34AD /* iFindAJob.xcdatamodel */;
			path = iFindAJob.xcdatamodeld;
			sourceTree = "<group>";
			versionGroupType = wrapper.xcdatamodel;
		};
/* End XCVersionGroup section */
	};
	rootObject = F556627F183A5E1A008FAA06 /* Project object */;
}
