// !$*UTF8*$!
{
	archiveVersion = 1;
	classes = {
	};
	objectVersion = 46;
	objects = {

/* Begin PBXBuildFile section */
		F506A4CA183B9CB3006CE9FD /* search_selected.png in Resources */ = {isa = PBXBuildFile; fileRef = F506A4C6183B9CB3006CE9FD /* search_selected.png */; };
		F506A4CB183B9CB3006CE9FD /* search_unselected.png in Resources */ = {isa = PBXBuildFile; fileRef = F506A4C7183B9CB3006CE9FD /* search_unselected.png */; };
		F506A4CC183B9CB3006CE9FD /* home_selected.png in Resources */ = {isa = PBXBuildFile; fileRef = F506A4C8183B9CB3006CE9FD /* home_selected.png */; };
		F506A4CD183B9CB3006CE9FD /* home_unselected.png in Resources */ = {isa = PBXBuildFile; fileRef = F506A4C9183B9CB3006CE9FD /* home_unselected.png */; };
		F556628B183A5E1A008FAA06 /* UIKit.framework in Frameworks */ = {isa = PBXBuildFile; fileRef = F556628A183A5E1A008FAA06 /* UIKit.framework */; };
		F556628D183A5E1A008FAA06 /* Foundation.framework in Frameworks */ = {isa = PBXBuildFile; fileRef = F556628C183A5E1A008FAA06 /* Foundation.framework */; };
		F556628F183A5E1A008FAA06 /* CoreGraphics.framework in Frameworks */ = {isa = PBXBuildFile; fileRef = F556628E183A5E1A008FAA06 /* CoreGraphics.framework */; };
		F5566295183A5E1A008FAA06 /* InfoPlist.strings in Resources */ = {isa = PBXBuildFile; fileRef = F5566293183A5E1A008FAA06 /* InfoPlist.strings */; };
		F5566297183A5E1A008FAA06 /* main.m in Sources */ = {isa = PBXBuildFile; fileRef = F5566296183A5E1A008FAA06 /* main.m */; };
		F556629B183A5E1A008FAA06 /* AppDelegate.m in Sources */ = {isa = PBXBuildFile; fileRef = F556629A183A5E1A008FAA06 /* AppDelegate.m */; };
		F556629D183A5E1A008FAA06 /* Default.png in Resources */ = {isa = PBXBuildFile; fileRef = F556629C183A5E1A008FAA06 /* Default.png */; };
		F556629F183A5E1A008FAA06 /* Default@2x.png in Resources */ = {isa = PBXBuildFile; fileRef = F556629E183A5E1A008FAA06 /* Default@2x.png */; };
		F55662A1183A5E1A008FAA06 /* Default-568h@2x.png in Resources */ = {isa = PBXBuildFile; fileRef = F55662A0183A5E1A008FAA06 /* Default-568h@2x.png */; };
		F55662A8183A5E6D008FAA06 /* CoreData.framework in Frameworks */ = {isa = PBXBuildFile; fileRef = F55662A7183A5E6D008FAA06 /* CoreData.framework */; };
		F55662AA183A5E75008FAA06 /* Social.framework in Frameworks */ = {isa = PBXBuildFile; fileRef = F55662A9183A5E75008FAA06 /* Social.framework */; };
		F55662AF183A5EDD008FAA06 /* MainViewController.m in Sources */ = {isa = PBXBuildFile; fileRef = F55662AD183A5EDD008FAA06 /* MainViewController.m */; };
		F55662B0183A5EDD008FAA06 /* MainViewController.xib in Resources */ = {isa = PBXBuildFile; fileRef = F55662AE183A5EDD008FAA06 /* MainViewController.xib */; };
		F55662B4183A5EFA008FAA06 /* SearchViewController.m in Sources */ = {isa = PBXBuildFile; fileRef = F55662B2183A5EFA008FAA06 /* SearchViewController.m */; };
		F55662B5183A5EFA008FAA06 /* SearchViewController.xib in Resources */ = {isa = PBXBuildFile; fileRef = F55662B3183A5EFA008FAA06 /* SearchViewController.xib */; };
		F55662BE183A5F33008FAA06 /* ExtraMethods.m in Sources */ = {isa = PBXBuildFile; fileRef = F55662BD183A5F33008FAA06 /* ExtraMethods.m */; };
		F58F6A32183CCB3D002F6678 /* JobSearchService.m in Sources */ = {isa = PBXBuildFile; fileRef = F58F6A31183CCB3D002F6678 /* JobSearchService.m */; };
/* End PBXBuildFile section */

/* Begin PBXFileReference section */
		F506A4C6183B9CB3006CE9FD /* search_selected.png */ = {isa = PBXFileReference; lastKnownFileType = image.png; path = search_selected.png; sourceTree = "<group>"; };
		F506A4C7183B9CB3006CE9FD /* search_unselected.png */ = {isa = PBXFileReference; lastKnownFileType = image.png; path = search_unselected.png; sourceTree = "<group>"; };
		F506A4C8183B9CB3006CE9FD /* home_selected.png */ = {isa = PBXFileReference; lastKnownFileType = image.png; path = home_selected.png; sourceTree = "<group>"; };
		F506A4C9183B9CB3006CE9FD /* home_unselected.png */ = {isa = PBXFileReference; lastKnownFileType = image.png; path = home_unselected.png; sourceTree = "<group>"; };
		F5566287183A5E1A008FAA06 /* iFindAJob.app */ = {isa = PBXFileReference; explicitFileType = wrapper.application; includeInIndex = 0; path = iFindAJob.app; sourceTree = BUILT_PRODUCTS_DIR; };
		F556628A183A5E1A008FAA06 /* UIKit.framework */ = {isa = PBXFileReference; lastKnownFileType = wrapper.framework; name = UIKit.framework; path = System/Library/Frameworks/UIKit.framework; sourceTree = SDKROOT; };
		F556628C183A5E1A008FAA06 /* Foundation.framework */ = {isa = PBXFileReference; lastKnownFileType = wrapper.framework; name = Foundation.framework; path = System/Library/Frameworks/Foundation.framework; sourceTree = SDKROOT; };
		F556628E183A5E1A008FAA06 /* CoreGraphics.framework */ = {isa = PBXFileReference; lastKnownFileType = wrapper.framework; name = CoreGraphics.framework; path = System/Library/Frameworks/CoreGraphics.framework; sourceTree = SDKROOT; };
		F5566292183A5E1A008FAA06 /* iFindAJob-Info.plist */ = {isa = PBXFileReference; lastKnownFileType = text.plist.xml; path = "iFindAJob-Info.plist"; sourceTree = "<group>"; };
		F5566294183A5E1A008FAA06 /* en */ = {isa = PBXFileReference; lastKnownFileType = text.plist.strings; name = en; path = en.lproj/InfoPlist.strings; sourceTree = "<group>"; };
		F5566296183A5E1A008FAA06 /* main.m */ = {isa = PBXFileReference; lastKnownFileType = sourcecode.c.objc; path = main.m; sourceTree = "<group>"; };
		F5566298183A5E1A008FAA06 /* iFindAJob-Prefix.pch */ = {isa = PBXFileReference; lastKnownFileType = sourcecode.c.h; path = "iFindAJob-Prefix.pch"; sourceTree = "<group>"; };
		F5566299183A5E1A008FAA06 /* AppDelegate.h */ = {isa = PBXFileReference; lastKnownFileType = sourcecode.c.h; path = AppDelegate.h; sourceTree = "<group>"; };
		F556629A183A5E1A008FAA06 /* AppDelegate.m */ = {isa = PBXFileReference; lastKnownFileType = sourcecode.c.objc; path = AppDelegate.m; sourceTree = "<group>"; };
		F556629C183A5E1A008FAA06 /* Default.png */ = {isa = PBXFileReference; lastKnownFileType = image.png; path = Default.png; sourceTree = "<group>"; };
		F556629E183A5E1A008FAA06 /* Default@2x.png */ = {isa = PBXFileReference; lastKnownFileType = image.png; path = "Default@2x.png"; sourceTree = "<group>"; };
		F55662A0183A5E1A008FAA06 /* Default-568h@2x.png */ = {isa = PBXFileReference; lastKnownFileType = image.png; path = "Default-568h@2x.png"; sourceTree = "<group>"; };
		F55662A7183A5E6D008FAA06 /* CoreData.framework */ = {isa = PBXFileReference; lastKnownFileType = wrapper.framework; name = CoreData.framework; path = System/Library/Frameworks/CoreData.framework; sourceTree = SDKROOT; };
		F55662A9183A5E75008FAA06 /* Social.framework */ = {isa = PBXFileReference; lastKnownFileType = wrapper.framework; name = Social.framework; path = System/Library/Frameworks/Social.framework; sourceTree = SDKROOT; };
		F55662AC183A5EDD008FAA06 /* MainViewController.h */ = {isa = PBXFileReference; fileEncoding = 4; lastKnownFileType = sourcecode.c.h; path = MainViewController.h; sourceTree = "<group>"; };
		F55662AD183A5EDD008FAA06 /* MainViewController.m */ = {isa = PBXFileReference; fileEncoding = 4; lastKnownFileType = sourcecode.c.objc; path = MainViewController.m; sourceTree = "<group>"; };
		F55662AE183A5EDD008FAA06 /* MainViewController.xib */ = {isa = PBXFileReference; fileEncoding = 4; lastKnownFileType = file.xib; path = MainViewController.xib; sourceTree = "<group>"; };
		F55662B1183A5EFA008FAA06 /* SearchViewController.h */ = {isa = PBXFileReference; fileEncoding = 4; lastKnownFileType = sourcecode.c.h; path = SearchViewController.h; sourceTree = "<group>"; };
		F55662B2183A5EFA008FAA06 /* SearchViewController.m */ = {isa = PBXFileReference; fileEncoding = 4; lastKnownFileType = sourcecode.c.objc; path = SearchViewController.m; sourceTree = "<group>"; };
		F55662B3183A5EFA008FAA06 /* SearchViewController.xib */ = {isa = PBXFileReference; fileEncoding = 4; lastKnownFileType = file.xib; path = SearchViewController.xib; sourceTree = "<group>"; };
		F55662BC183A5F33008FAA06 /* ExtraMethods.h */ = {isa = PBXFileReference; fileEncoding = 4; lastKnownFileType = sourcecode.c.h; path = ExtraMethods.h; sourceTree = "<group>"; };
		F55662BD183A5F33008FAA06 /* ExtraMethods.m */ = {isa = PBXFileReference; fileEncoding = 4; lastKnownFileType = sourcecode.c.objc; path = ExtraMethods.m; sourceTree = "<group>"; };
		F58F6A2D183CCAB9002F6678 /* ServiceDelegate.h */ = {isa = PBXFileReference; fileEncoding = 4; lastKnownFileType = sourcecode.c.h; path = ServiceDelegate.h; sourceTree = "<group>"; };
		F58F6A30183CCB3D002F6678 /* JobSearchService.h */ = {isa = PBXFileReference; fileEncoding = 4; lastKnownFileType = sourcecode.c.h; path = JobSearchService.h; sourceTree = "<group>"; };
		F58F6A31183CCB3D002F6678 /* JobSearchService.m */ = {isa = PBXFileReference; fileEncoding = 4; lastKnownFileType = sourcecode.c.objc; path = JobSearchService.m; sourceTree = "<group>"; };
/* End PBXFileReference section */

/* Begin PBXFrameworksBuildPhase section */
		F5566284183A5E1A008FAA06 /* Frameworks */ = {
			isa = PBXFrameworksBuildPhase;
			buildActionMask = 2147483647;
			files = (
				F55662AA183A5E75008FAA06 /* Social.framework in Frameworks */,
				F55662A8183A5E6D008FAA06 /* CoreData.framework in Frameworks */,
				F556628B183A5E1A008FAA06 /* UIKit.framework in Frameworks */,
				F556628D183A5E1A008FAA06 /* Foundation.framework in Frameworks */,
				F556628F183A5E1A008FAA06 /* CoreGraphics.framework in Frameworks */,
			);
			runOnlyForDeploymentPostprocessing = 0;
		};
/* End PBXFrameworksBuildPhase section */

/* Begin PBXGroup section */
		F506A4C1183B94FA006CE9FD /* Images */ = {
			isa = PBXGroup;
			children = (
				F506A4C6183B9CB3006CE9FD /* search_selected.png */,
				F506A4C7183B9CB3006CE9FD /* search_unselected.png */,
				F506A4C8183B9CB3006CE9FD /* home_selected.png */,
				F506A4C9183B9CB3006CE9FD /* home_unselected.png */,
			);
			name = Images;
			sourceTree = "<group>";
		};
		F556627E183A5E1A008FAA06 = {
			isa = PBXGroup;
			children = (
				F5566290183A5E1A008FAA06 /* iFindAJob */,
				F5566289183A5E1A008FAA06 /* Frameworks */,
				F5566288183A5E1A008FAA06 /* Products */,
			);
			sourceTree = "<group>";
		};
		F5566288183A5E1A008FAA06 /* Products */ = {
			isa = PBXGroup;
			children = (
				F5566287183A5E1A008FAA06 /* iFindAJob.app */,
			);
			name = Products;
			sourceTree = "<group>";
		};
		F5566289183A5E1A008FAA06 /* Frameworks */ = {
			isa = PBXGroup;
			children = (
				F55662A7183A5E6D008FAA06 /* CoreData.framework */,
				F55662A9183A5E75008FAA06 /* Social.framework */,
				F556628A183A5E1A008FAA06 /* UIKit.framework */,
				F556628C183A5E1A008FAA06 /* Foundation.framework */,
				F556628E183A5E1A008FAA06 /* CoreGraphics.framework */,
			);
			name = Frameworks;
			sourceTree = "<group>";
		};
		F5566290183A5E1A008FAA06 /* iFindAJob */ = {
			isa = PBXGroup;
			children = (
				F55662BF183A7C2B008FAA06 /* Web Services */,
				F55662BB183A5F1E008FAA06 /* Includes */,
				F55662AB183A5E88008FAA06 /* Views */,
				F5566299183A5E1A008FAA06 /* AppDelegate.h */,
				F556629A183A5E1A008FAA06 /* AppDelegate.m */,
				F5566291183A5E1A008FAA06 /* Supporting Files */,
			);
			path = iFindAJob;
			sourceTree = "<group>";
		};
		F5566291183A5E1A008FAA06 /* Supporting Files */ = {
			isa = PBXGroup;
			children = (
				F5566292183A5E1A008FAA06 /* iFindAJob-Info.plist */,
				F5566293183A5E1A008FAA06 /* InfoPlist.strings */,
				F5566296183A5E1A008FAA06 /* main.m */,
				F5566298183A5E1A008FAA06 /* iFindAJob-Prefix.pch */,
				F556629C183A5E1A008FAA06 /* Default.png */,
				F556629E183A5E1A008FAA06 /* Default@2x.png */,
				F55662A0183A5E1A008FAA06 /* Default-568h@2x.png */,
			);
			name = "Supporting Files";
			sourceTree = "<group>";
		};
		F55662AB183A5E88008FAA06 /* Views */ = {
			isa = PBXGroup;
			children = (
				F55662AC183A5EDD008FAA06 /* MainViewController.h */,
				F55662AD183A5EDD008FAA06 /* MainViewController.m */,
				F55662AE183A5EDD008FAA06 /* MainViewController.xib */,
				F55662B1183A5EFA008FAA06 /* SearchViewController.h */,
				F55662B2183A5EFA008FAA06 /* SearchViewController.m */,
				F55662B3183A5EFA008FAA06 /* SearchViewController.xib */,
			);
			name = Views;
			sourceTree = "<group>";
		};
		F55662BB183A5F1E008FAA06 /* Includes */ = {
			isa = PBXGroup;
			children = (
				F506A4C1183B94FA006CE9FD /* Images */,
				F55662BC183A5F33008FAA06 /* ExtraMethods.h */,
				F55662BD183A5F33008FAA06 /* ExtraMethods.m */,
			);
			name = Includes;
			sourceTree = "<group>";
		};
		F55662BF183A7C2B008FAA06 /* Web Services */ = {
			isa = PBXGroup;
			children = (
				F58F6A2D183CCAB9002F6678 /* ServiceDelegate.h */,
				F58F6A30183CCB3D002F6678 /* JobSearchService.h */,
				F58F6A31183CCB3D002F6678 /* JobSearchService.m */,
			);
			name = "Web Services";
			sourceTree = "<group>";
		};
/* End PBXGroup section */

/* Begin PBXNativeTarget section */
		F5566286183A5E1A008FAA06 /* iFindAJob */ = {
			isa = PBXNativeTarget;
			buildConfigurationList = F55662A4183A5E1A008FAA06 /* Build configuration list for PBXNativeTarget "iFindAJob" */;
			buildPhases = (
				F5566283183A5E1A008FAA06 /* Sources */,
				F5566284183A5E1A008FAA06 /* Frameworks */,
				F5566285183A5E1A008FAA06 /* Resources */,
			);
			buildRules = (
			);
			dependencies = (
			);
			name = iFindAJob;
			productName = iFindAJob;
			productReference = F5566287183A5E1A008FAA06 /* iFindAJob.app */;
			productType = "com.apple.product-type.application";
		};
/* End PBXNativeTarget section */

/* Begin PBXProject section */
		F556627F183A5E1A008FAA06 /* Project object */ = {
			isa = PBXProject;
			attributes = {
				LastUpgradeCheck = 0460;
				ORGANIZATIONNAME = "Jordan Hancock";
			};
			buildConfigurationList = F5566282183A5E1A008FAA06 /* Build configuration list for PBXProject "iFindAJob" */;
			compatibilityVersion = "Xcode 3.2";
			developmentRegion = English;
			hasScannedForEncodings = 0;
			knownRegions = (
				en,
			);
			mainGroup = F556627E183A5E1A008FAA06;
			productRefGroup = F5566288183A5E1A008FAA06 /* Products */;
			projectDirPath = "";
			projectRoot = "";
			targets = (
				F5566286183A5E1A008FAA06 /* iFindAJob */,
			);
		};
/* End PBXProject section */

/* Begin PBXResourcesBuildPhase section */
		F5566285183A5E1A008FAA06 /* Resources */ = {
			isa = PBXResourcesBuildPhase;
			buildActionMask = 2147483647;
			files = (
				F5566295183A5E1A008FAA06 /* InfoPlist.strings in Resources */,
				F556629D183A5E1A008FAA06 /* Default.png in Resources */,
				F556629F183A5E1A008FAA06 /* Default@2x.png in Resources */,
				F55662A1183A5E1A008FAA06 /* Default-568h@2x.png in Resources */,
				F55662B0183A5EDD008FAA06 /* MainViewController.xib in Resources */,
				F55662B5183A5EFA008FAA06 /* SearchViewController.xib in Resources */,
				F506A4CA183B9CB3006CE9FD /* search_selected.png in Resources */,
				F506A4CB183B9CB3006CE9FD /* search_unselected.png in Resources */,
				F506A4CC183B9CB3006CE9FD /* home_selected.png in Resources */,
				F506A4CD183B9CB3006CE9FD /* home_unselected.png in Resources */,
			);
			runOnlyForDeploymentPostprocessing = 0;
		};
/* End PBXResourcesBuildPhase section */

/* Begin PBXSourcesBuildPhase section */
		F5566283183A5E1A008FAA06 /* Sources */ = {
			isa = PBXSourcesBuildPhase;
			buildActionMask = 2147483647;
			files = (
				F5566297183A5E1A008FAA06 /* main.m in Sources */,
				F556629B183A5E1A008FAA06 /* AppDelegate.m in Sources */,
				F55662AF183A5EDD008FAA06 /* MainViewController.m in Sources */,
				F55662B4183A5EFA008FAA06 /* SearchViewController.m in Sources */,
				F55662BE183A5F33008FAA06 /* ExtraMethods.m in Sources */,
				F58F6A32183CCB3D002F6678 /* JobSearchService.m in Sources */,
			);
			runOnlyForDeploymentPostprocessing = 0;
		};
/* End PBXSourcesBuildPhase section */

/* Begin PBXVariantGroup section */
		F5566293183A5E1A008FAA06 /* InfoPlist.strings */ = {
			isa = PBXVariantGroup;
			children = (
				F5566294183A5E1A008FAA06 /* en */,
			);
			name = InfoPlist.strings;
			sourceTree = "<group>";
		};
/* End PBXVariantGroup section */

/* Begin XCBuildConfiguration section */
		F55662A2183A5E1A008FAA06 /* Debug */ = {
			isa = XCBuildConfiguration;
			buildSettings = {
				ALWAYS_SEARCH_USER_PATHS = NO;
				CLANG_CXX_LANGUAGE_STANDARD = "gnu++0x";
				CLANG_CXX_LIBRARY = "libc++";
				CLANG_ENABLE_OBJC_ARC = YES;
				CLANG_WARN_CONSTANT_CONVERSION = YES;
				CLANG_WARN_EMPTY_BODY = YES;
				CLANG_WARN_ENUM_CONVERSION = YES;
				CLANG_WARN_INT_CONVERSION = YES;
				CLANG_WARN__DUPLICATE_METHOD_MATCH = YES;
				"CODE_SIGN_IDENTITY[sdk=iphoneos*]" = "iPhone Developer";
				COPY_PHASE_STRIP = NO;
				GCC_C_LANGUAGE_STANDARD = gnu99;
				GCC_DYNAMIC_NO_PIC = NO;
				GCC_OPTIMIZATION_LEVEL = 0;
				GCC_PREPROCESSOR_DEFINITIONS = (
					"DEBUG=1",
					"$(inherited)",
				);
				GCC_SYMBOLS_PRIVATE_EXTERN = NO;
				GCC_WARN_ABOUT_RETURN_TYPE = YES;
				GCC_WARN_UNINITIALIZED_AUTOS = YES;
				GCC_WARN_UNUSED_VARIABLE = YES;
				IPHONEOS_DEPLOYMENT_TARGET = 6.1;
				ONLY_ACTIVE_ARCH = YES;
				SDKROOT = iphoneos;
			};
			name = Debug;
		};
		F55662A3183A5E1A008FAA06 /* Release */ = {
			isa = XCBuildConfiguration;
			buildSettings = {
				ALWAYS_SEARCH_USER_PATHS = NO;
				CLANG_CXX_LANGUAGE_STANDARD = "gnu++0x";
				CLANG_CXX_LIBRARY = "libc++";
				CLANG_ENABLE_OBJC_ARC = YES;
				CLANG_WARN_CONSTANT_CONVERSION = YES;
				CLANG_WARN_EMPTY_BODY = YES;
				CLANG_WARN_ENUM_CONVERSION = YES;
				CLANG_WARN_INT_CONVERSION = YES;
				CLANG_WARN__DUPLICATE_METHOD_MATCH = YES;
				"CODE_SIGN_IDENTITY[sdk=iphoneos*]" = "iPhone Developer";
				COPY_PHASE_STRIP = YES;
				GCC_C_LANGUAGE_STANDARD = gnu99;
				GCC_WARN_ABOUT_RETURN_TYPE = YES;
				GCC_WARN_UNINITIALIZED_AUTOS = YES;
				GCC_WARN_UNUSED_VARIABLE = YES;
				IPHONEOS_DEPLOYMENT_TARGET = 6.1;
				OTHER_CFLAGS = "-DNS_BLOCK_ASSERTIONS=1";
				SDKROOT = iphoneos;
				VALIDATE_PRODUCT = YES;
			};
			name = Release;
		};
		F55662A5183A5E1A008FAA06 /* Debug */ = {
			isa = XCBuildConfiguration;
			buildSettings = {
				GCC_PRECOMPILE_PREFIX_HEADER = YES;
				GCC_PREFIX_HEADER = "iFindAJob/iFindAJob-Prefix.pch";
				INFOPLIST_FILE = "iFindAJob/iFindAJob-Info.plist";
				PRODUCT_NAME = "$(TARGET_NAME)";
				WRAPPER_EXTENSION = app;
			};
			name = Debug;
		};
		F55662A6183A5E1A008FAA06 /* Release */ = {
			isa = XCBuildConfiguration;
			buildSettings = {
				GCC_PRECOMPILE_PREFIX_HEADER = YES;
				GCC_PREFIX_HEADER = "iFindAJob/iFindAJob-Prefix.pch";
				INFOPLIST_FILE = "iFindAJob/iFindAJob-Info.plist";
				PRODUCT_NAME = "$(TARGET_NAME)";
				WRAPPER_EXTENSION = app;
			};
			name = Release;
		};
/* End XCBuildConfiguration section */

/* Begin XCConfigurationList section */
		F5566282183A5E1A008FAA06 /* Build configuration list for PBXProject "iFindAJob" */ = {
			isa = XCConfigurationList;
			buildConfigurations = (
				F55662A2183A5E1A008FAA06 /* Debug */,
				F55662A3183A5E1A008FAA06 /* Release */,
			);
			defaultConfigurationIsVisible = 0;
			defaultConfigurationName = Release;
		};
		F55662A4183A5E1A008FAA06 /* Build configuration list for PBXNativeTarget "iFindAJob" */ = {
			isa = XCConfigurationList;
			buildConfigurations = (
				F55662A5183A5E1A008FAA06 /* Debug */,
				F55662A6183A5E1A008FAA06 /* Release */,
			);
			defaultConfigurationIsVisible = 0;
			defaultConfigurationName = Release;
		};
/* End XCConfigurationList section */
	};
	rootObject = F556627F183A5E1A008FAA06 /* Project object */;
}
